
Microsoft Visual Studio Solution File, Format Version 12.00
# Visual Studio 15
VisualStudioVersion = 15.0.27703.2035
MinimumVisualStudioVersion = 10.0.40219.1
Project("{FAE04EC0-301F-11D3-BF4B-00C04F79EFBC}") = "DatabaseBackup", "src\DatabaseBackup\DatabaseBackup.csproj", "{207F3E6B-C811-4E1C-9DAB-4071234B146E}"
EndProject
Project("{FAE04EC0-301F-11D3-BF4B-00C04F79EFBC}") = "BackupMain", "src\BackupMain\BackupMain.csproj", "{B84772F6-E332-4411-866F-B0235E2145BF}"
EndProject
Global
	GlobalSection(SolutionConfigurationPlatforms) = preSolution
		Debug|Any CPU = Debug|Any CPU
		Release|Any CPU = Release|Any CPU
	EndGlobalSection
	GlobalSection(ProjectConfigurationPlatforms) = postSolution
		{207F3E6B-C811-4E1C-9DAB-4071234B146E}.Debug|Any CPU.ActiveCfg = Debug|Any CPU
		{207F3E6B-C811-4E1C-9DAB-4071234B146E}.Debug|Any CPU.Build.0 = Debug|Any CPU
		{207F3E6B-C811-4E1C-9DAB-4071234B146E}.Release|Any CPU.ActiveCfg = Release|Any CPU
		{207F3E6B-C811-4E1C-9DAB-4071234B146E}.Release|Any CPU.Build.0 = Release|Any CPU
		{B84772F6-E332-4411-866F-B0235E2145BF}.Debug|Any CPU.ActiveCfg = Debug|Any CPU
		{B84772F6-E332-4411-866F-B0235E2145BF}.Debug|Any CPU.Build.0 = Debug|Any CPU
		{B84772F6-E332-4411-866F-B0235E2145BF}.Release|Any CPU.ActiveCfg = Release|Any CPU
		{B84772F6-E332-4411-866F-B0235E2145BF}.Release|Any CPU.Build.0 = Release|Any CPU
	EndGlobalSection
	GlobalSection(SolutionProperties) = preSolution
		HideSolutionNode = FALSE
	EndGlobalSection
	GlobalSection(ExtensibilityGlobals) = postSolution
		SolutionGuid = {862EA496-C2E1-4C61-920F-F31126793FBD}
	EndGlobalSection
EndGlobal
